
Microsoft Visual Studio Solution File, Format Version 12.00
# Visual Studio Version 17
VisualStudioVersion = 17.2.32516.85
MinimumVisualStudioVersion = 10.0.40219.1
Project("{FAE04EC0-301F-11D3-BF4B-00C04F79EFBC}") = "klin", "..\klin\klin.csproj", "{FDDC1192-1B6A-409B-99C0-5A997CE306A9}"
EndProject
Global
	GlobalSection(SolutionConfigurationPlatforms) = preSolution
		Debug|Any CPU = Debug|Any CPU
		Release|Any CPU = Release|Any CPU
	EndGlobalSection
	GlobalSection(ProjectConfigurationPlatforms) = postSolution
		{FDDC1192-1B6A-409B-99C0-5A997CE306A9}.Debug|Any CPU.ActiveCfg = Debug|Any CPU
		{FDDC1192-1B6A-409B-99C0-5A997CE306A9}.Debug|Any CPU.Build.0 = Debug|Any CPU
		{FDDC1192-1B6A-409B-99C0-5A997CE306A9}.Release|Any CPU.ActiveCfg = Release|Any CPU
		{FDDC1192-1B6A-409B-99C0-5A997CE306A9}.Release|Any CPU.Build.0 = Release|Any CPU
	EndGlobalSection
	GlobalSection(SolutionProperties) = preSolution
		HideSolutionNode = FALSE
	EndGlobalSection
	GlobalSection(ExtensibilityGlobals) = postSolution
		SolutionGuid = {DEDE574B-EC2B-4F28-8B6C-F9DE26132D7C}
	EndGlobalSection
EndGlobal
